// !$*UTF8*$!
{
	archiveVersion = 1;
	classes = {
	};
	objectVersion = 46;
	objects = {

/* Begin PBXBuildFile section */
		8CA2D7FB1DC79B89008A6076 /* AppDelegate.swift in Sources */ = {isa = PBXBuildFile; fileRef = 8CA2D7FA1DC79B89008A6076 /* AppDelegate.swift */; };
		8CA2D7FD1DC79B89008A6076 /* ViewController.swift in Sources */ = {isa = PBXBuildFile; fileRef = 8CA2D7FC1DC79B89008A6076 /* ViewController.swift */; };
		8CA2D8001DC79B89008A6076 /* Main.storyboard in Resources */ = {isa = PBXBuildFile; fileRef = 8CA2D7FE1DC79B89008A6076 /* Main.storyboard */; };
		8CA2D8021DC79B89008A6076 /* Assets.xcassets in Resources */ = {isa = PBXBuildFile; fileRef = 8CA2D8011DC79B89008A6076 /* Assets.xcassets */; };
		8CA2D8051DC79B89008A6076 /* LaunchScreen.storyboard in Resources */ = {isa = PBXBuildFile; fileRef = 8CA2D8031DC79B89008A6076 /* LaunchScreen.storyboard */; };
		8CA2D8101DC79B89008A6076 /* StopWatchTests.swift in Sources */ = {isa = PBXBuildFile; fileRef = 8CA2D80F1DC79B89008A6076 /* StopWatchTests.swift */; };
		8CA2D81B1DC79B89008A6076 /* StopWatchUITests.swift in Sources */ = {isa = PBXBuildFile; fileRef = 8CA2D81A1DC79B89008A6076 /* StopWatchUITests.swift */; };
/* End PBXBuildFile section */

/* Begin PBXContainerItemProxy section */
		8CA2D80C1DC79B89008A6076 /* PBXContainerItemProxy */ = {
			isa = PBXContainerItemProxy;
			containerPortal = 8CA2D7EF1DC79B88008A6076 /* Project object */;
			proxyType = 1;
			remoteGlobalIDString = 8CA2D7F61DC79B88008A6076;
			remoteInfo = StopWatch;
		};
		8CA2D8171DC79B89008A6076 /* PBXContainerItemProxy */ = {
			isa = PBXContainerItemProxy;
			containerPortal = 8CA2D7EF1DC79B88008A6076 /* Project object */;
			proxyType = 1;
			remoteGlobalIDString = 8CA2D7F61DC79B88008A6076;
			remoteInfo = StopWatch;
		};
/* End PBXContainerItemProxy section */

/* Begin PBXFileReference section */
		8CA2D7F71DC79B89008A6076 /* StopWatch.app */ = {isa = PBXFileReference; explicitFileType = wrapper.application; includeInIndex = 0; path = StopWatch.app; sourceTree = BUILT_PRODUCTS_DIR; };
		8CA2D7FA1DC79B89008A6076 /* AppDelegate.swift */ = {isa = PBXFileReference; lastKnownFileType = sourcecode.swift; path = AppDelegate.swift; sourceTree = "<group>"; };
		8CA2D7FC1DC79B89008A6076 /* ViewController.swift */ = {isa = PBXFileReference; lastKnownFileType = sourcecode.swift; path = ViewController.swift; sourceTree = "<group>"; };
		8CA2D7FF1DC79B89008A6076 /* Base */ = {isa = PBXFileReference; lastKnownFileType = file.storyboard; name = Base; path = Base.lproj/Main.storyboard; sourceTree = "<group>"; };
		8CA2D8011DC79B89008A6076 /* Assets.xcassets */ = {isa = PBXFileReference; lastKnownFileType = folder.assetcatalog; path = Assets.xcassets; sourceTree = "<group>"; };
		8CA2D8041DC79B89008A6076 /* Base */ = {isa = PBXFileReference; lastKnownFileType = file.storyboard; name = Base; path = Base.lproj/LaunchScreen.storyboard; sourceTree = "<group>"; };
		8CA2D8061DC79B89008A6076 /* Info.plist */ = {isa = PBXFileReference; lastKnownFileType = text.plist.xml; path = Info.plist; sourceTree = "<group>"; };
		8CA2D80B1DC79B89008A6076 /* StopWatchTests.xctest */ = {isa = PBXFileReference; explicitFileType = wrapper.cfbundle; includeInIndex = 0; path = StopWatchTests.xctest; sourceTree = BUILT_PRODUCTS_DIR; };
		8CA2D80F1DC79B89008A6076 /* StopWatchTests.swift */ = {isa = PBXFileReference; lastKnownFileType = sourcecode.swift; path = StopWatchTests.swift; sourceTree = "<group>"; };
		8CA2D8111DC79B89008A6076 /* Info.plist */ = {isa = PBXFileReference; lastKnownFileType = text.plist.xml; path = Info.plist; sourceTree = "<group>"; };
		8CA2D8161DC79B89008A6076 /* StopWatchUITests.xctest */ = {isa = PBXFileReference; explicitFileType = wrapper.cfbundle; includeInIndex = 0; path = StopWatchUITests.xctest; sourceTree = BUILT_PRODUCTS_DIR; };
		8CA2D81A1DC79B89008A6076 /* StopWatchUITests.swift */ = {isa = PBXFileReference; lastKnownFileType = sourcecode.swift; path = StopWatchUITests.swift; sourceTree = "<group>"; };
		8CA2D81C1DC79B89008A6076 /* Info.plist */ = {isa = PBXFileReference; lastKnownFileType = text.plist.xml; path = Info.plist; sourceTree = "<group>"; };
/* End PBXFileReference section */

/* Begin PBXFrameworksBuildPhase section */
		8CA2D7F41DC79B88008A6076 /* Frameworks */ = {
			isa = PBXFrameworksBuildPhase;
			buildActionMask = 2147483647;
			files = (
			);
			runOnlyForDeploymentPostprocessing = 0;
		};
		8CA2D8081DC79B89008A6076 /* Frameworks */ = {
			isa = PBXFrameworksBuildPhase;
			buildActionMask = 2147483647;
			files = (
			);
			runOnlyForDeploymentPostprocessing = 0;
		};
		8CA2D8131DC79B89008A6076 /* Frameworks */ = {
			isa = PBXFrameworksBuildPhase;
			buildActionMask = 2147483647;
			files = (
			);
			runOnlyForDeploymentPostprocessing = 0;
		};
/* End PBXFrameworksBuildPhase section */

/* Begin PBXGroup section */
		8CA2D7EE1DC79B88008A6076 = {
			isa = PBXGroup;
			children = (
				8CA2D7F91DC79B89008A6076 /* StopWatch */,
				8CA2D80E1DC79B89008A6076 /* StopWatchTests */,
				8CA2D8191DC79B89008A6076 /* StopWatchUITests */,
				8CA2D7F81DC79B89008A6076 /* Products */,
			);
			sourceTree = "<group>";
		};
		8CA2D7F81DC79B89008A6076 /* Products */ = {
			isa = PBXGroup;
			children = (
				8CA2D7F71DC79B89008A6076 /* StopWatch.app */,
				8CA2D80B1DC79B89008A6076 /* StopWatchTests.xctest */,
				8CA2D8161DC79B89008A6076 /* StopWatchUITests.xctest */,
			);
			name = Products;
			sourceTree = "<group>";
		};
		8CA2D7F91DC79B89008A6076 /* StopWatch */ = {
			isa = PBXGroup;
			children = (
				8CA2D7FA1DC79B89008A6076 /* AppDelegate.swift */,
				8CA2D7FC1DC79B89008A6076 /* ViewController.swift */,
				8CA2D7FE1DC79B89008A6076 /* Main.storyboard */,
				8CA2D8011DC79B89008A6076 /* Assets.xcassets */,
				8CA2D8031DC79B89008A6076 /* LaunchScreen.storyboard */,
				8CA2D8061DC79B89008A6076 /* Info.plist */,
			);
			path = StopWatch;
			sourceTree = "<group>";
		};
		8CA2D80E1DC79B89008A6076 /* StopWatchTests */ = {
			isa = PBXGroup;
			children = (
				8CA2D80F1DC79B89008A6076 /* StopWatchTests.swift */,
				8CA2D8111DC79B89008A6076 /* Info.plist */,
			);
			path = StopWatchTests;
			sourceTree = "<group>";
		};
		8CA2D8191DC79B89008A6076 /* StopWatchUITests */ = {
			isa = PBXGroup;
			children = (
				8CA2D81A1DC79B89008A6076 /* StopWatchUITests.swift */,
				8CA2D81C1DC79B89008A6076 /* Info.plist */,
			);
			path = StopWatchUITests;
			sourceTree = "<group>";
		};
/* End PBXGroup section */

/* Begin PBXNativeTarget section */
		8CA2D7F61DC79B88008A6076 /* StopWatch */ = {
			isa = PBXNativeTarget;
			buildConfigurationList = 8CA2D81F1DC79B89008A6076 /* Build configuration list for PBXNativeTarget "StopWatch" */;
			buildPhases = (
				8CA2D7F31DC79B88008A6076 /* Sources */,
				8CA2D7F41DC79B88008A6076 /* Frameworks */,
				8CA2D7F51DC79B88008A6076 /* Resources */,
			);
			buildRules = (
			);
			dependencies = (
			);
			name = StopWatch;
			productName = StopWatch;
			productReference = 8CA2D7F71DC79B89008A6076 /* StopWatch.app */;
			productType = "com.apple.product-type.application";
		};
		8CA2D80A1DC79B89008A6076 /* StopWatchTests */ = {
			isa = PBXNativeTarget;
			buildConfigurationList = 8CA2D8221DC79B89008A6076 /* Build configuration list for PBXNativeTarget "StopWatchTests" */;
			buildPhases = (
				8CA2D8071DC79B89008A6076 /* Sources */,
				8CA2D8081DC79B89008A6076 /* Frameworks */,
				8CA2D8091DC79B89008A6076 /* Resources */,
			);
			buildRules = (
			);
			dependencies = (
				8CA2D80D1DC79B89008A6076 /* PBXTargetDependency */,
			);
			name = StopWatchTests;
			productName = StopWatchTests;
			productReference = 8CA2D80B1DC79B89008A6076 /* StopWatchTests.xctest */;
			productType = "com.apple.product-type.bundle.unit-test";
		};
		8CA2D8151DC79B89008A6076 /* StopWatchUITests */ = {
			isa = PBXNativeTarget;
			buildConfigurationList = 8CA2D8251DC79B89008A6076 /* Build configuration list for PBXNativeTarget "StopWatchUITests" */;
			buildPhases = (
				8CA2D8121DC79B89008A6076 /* Sources */,
				8CA2D8131DC79B89008A6076 /* Frameworks */,
				8CA2D8141DC79B89008A6076 /* Resources */,
			);
			buildRules = (
			);
			dependencies = (
				8CA2D8181DC79B89008A6076 /* PBXTargetDependency */,
			);
			name = StopWatchUITests;
			productName = StopWatchUITests;
			productReference = 8CA2D8161DC79B89008A6076 /* StopWatchUITests.xctest */;
			productType = "com.apple.product-type.bundle.ui-testing";
		};
/* End PBXNativeTarget section */

/* Begin PBXProject section */
		8CA2D7EF1DC79B88008A6076 /* Project object */ = {
			isa = PBXProject;
			attributes = {
				LastSwiftUpdateCheck = 0810;
				LastUpgradeCheck = 0810;
				ORGANIZATIONNAME = SMRT;
				TargetAttributes = {
					8CA2D7F61DC79B88008A6076 = {
						CreatedOnToolsVersion = 8.1;
						ProvisioningStyle = Automatic;
					};
					8CA2D80A1DC79B89008A6076 = {
						CreatedOnToolsVersion = 8.1;
						ProvisioningStyle = Automatic;
						TestTargetID = 8CA2D7F61DC79B88008A6076;
					};
					8CA2D8151DC79B89008A6076 = {
						CreatedOnToolsVersion = 8.1;
						ProvisioningStyle = Automatic;
						TestTargetID = 8CA2D7F61DC79B88008A6076;
					};
				};
			};
			buildConfigurationList = 8CA2D7F21DC79B88008A6076 /* Build configuration list for PBXProject "StopWatch" */;
			compatibilityVersion = "Xcode 3.2";
			developmentRegion = English;
			hasScannedForEncodings = 0;
			knownRegions = (
				en,
				Base,
			);
			mainGroup = 8CA2D7EE1DC79B88008A6076;
			productRefGroup = 8CA2D7F81DC79B89008A6076 /* Products */;
			projectDirPath = "";
			projectRoot = "";
			targets = (
				8CA2D7F61DC79B88008A6076 /* StopWatch */,
				8CA2D80A1DC79B89008A6076 /* StopWatchTests */,
				8CA2D8151DC79B89008A6076 /* StopWatchUITests */,
			);
		};
/* End PBXProject section */

/* Begin PBXResourcesBuildPhase section */
		8CA2D7F51DC79B88008A6076 /* Resources */ = {
			isa = PBXResourcesBuildPhase;
			buildActionMask = 2147483647;
			files = (
				8CA2D8051DC79B89008A6076 /* LaunchScreen.storyboard in Resources */,
				8CA2D8021DC79B89008A6076 /* Assets.xcassets in Resources */,
				8CA2D8001DC79B89008A6076 /* Main.storyboard in Resources */,
			);
			runOnlyForDeploymentPostprocessing = 0;
		};
		8CA2D8091DC79B89008A6076 /* Resources */ = {
			isa = PBXResourcesBuildPhase;
			buildActionMask = 2147483647;
			files = (
			);
			runOnlyForDeploymentPostprocessing = 0;
		};
		8CA2D8141DC79B89008A6076 /* Resources */ = {
			isa = PBXResourcesBuildPhase;
			buildActionMask = 2147483647;
			files = (
			);
			runOnlyForDeploymentPostprocessing = 0;
		};
/* End PBXResourcesBuildPhase section */

/* Begin PBXSourcesBuildPhase section */
		8CA2D7F31DC79B88008A6076 /* Sources */ = {
			isa = PBXSourcesBuildPhase;
			buildActionMask = 2147483647;
			files = (
				8CA2D7FD1DC79B89008A6076 /* ViewController.swift in Sources */,
				8CA2D7FB1DC79B89008A6076 /* AppDelegate.swift in Sources */,
			);
			runOnlyForDeploymentPostprocessing = 0;
		};
		8CA2D8071DC79B89008A6076 /* Sources */ = {
			isa = PBXSourcesBuildPhase;
			buildActionMask = 2147483647;
			files = (
				8CA2D8101DC79B89008A6076 /* StopWatchTests.swift in Sources */,
			);
			runOnlyForDeploymentPostprocessing = 0;
		};
		8CA2D8121DC79B89008A6076 /* Sources */ = {
			isa = PBXSourcesBuildPhase;
			buildActionMask = 2147483647;
			files = (
				8CA2D81B1DC79B89008A6076 /* StopWatchUITests.swift in Sources */,
			);
			runOnlyForDeploymentPostprocessing = 0;
		};
/* End PBXSourcesBuildPhase section */

/* Begin PBXTargetDependency section */
		8CA2D80D1DC79B89008A6076 /* PBXTargetDependency */ = {
			isa = PBXTargetDependency;
			target = 8CA2D7F61DC79B88008A6076 /* StopWatch */;
			targetProxy = 8CA2D80C1DC79B89008A6076 /* PBXContainerItemProxy */;
		};
		8CA2D8181DC79B89008A6076 /* PBXTargetDependency */ = {
			isa = PBXTargetDependency;
			target = 8CA2D7F61DC79B88008A6076 /* StopWatch */;
			targetProxy = 8CA2D8171DC79B89008A6076 /* PBXContainerItemProxy */;
		};
/* End PBXTargetDependency section */

/* Begin PBXVariantGroup section */
		8CA2D7FE1DC79B89008A6076 /* Main.storyboard */ = {
			isa = PBXVariantGroup;
			children = (
				8CA2D7FF1DC79B89008A6076 /* Base */,
			);
			name = Main.storyboard;
			sourceTree = "<group>";
		};
		8CA2D8031DC79B89008A6076 /* LaunchScreen.storyboard */ = {
			isa = PBXVariantGroup;
			children = (
				8CA2D8041DC79B89008A6076 /* Base */,
			);
			name = LaunchScreen.storyboard;
			sourceTree = "<group>";
		};
/* End PBXVariantGroup section */

/* Begin XCBuildConfiguration section */
		8CA2D81D1DC79B89008A6076 /* Debug */ = {
			isa = XCBuildConfiguration;
			buildSettings = {
				ALWAYS_SEARCH_USER_PATHS = NO;
				CLANG_ANALYZER_NONNULL = YES;
				CLANG_CXX_LANGUAGE_STANDARD = "gnu++0x";
				CLANG_CXX_LIBRARY = "libc++";
				CLANG_ENABLE_MODULES = YES;
				CLANG_ENABLE_OBJC_ARC = YES;
				CLANG_WARN_BOOL_CONVERSION = YES;
				CLANG_WARN_CONSTANT_CONVERSION = YES;
				CLANG_WARN_DIRECT_OBJC_ISA_USAGE = YES_ERROR;
				CLANG_WARN_DOCUMENTATION_COMMENTS = YES;
				CLANG_WARN_EMPTY_BODY = YES;
				CLANG_WARN_ENUM_CONVERSION = YES;
				CLANG_WARN_INFINITE_RECURSION = YES;
				CLANG_WARN_INT_CONVERSION = YES;
				CLANG_WARN_OBJC_ROOT_CLASS = YES_ERROR;
				CLANG_WARN_SUSPICIOUS_MOVES = YES;
				CLANG_WARN_UNREACHABLE_CODE = YES;
				CLANG_WARN__DUPLICATE_METHOD_MATCH = YES;
				"CODE_SIGN_IDENTITY[sdk=iphoneos*]" = "iPhone Developer";
				COPY_PHASE_STRIP = NO;
				DEBUG_INFORMATION_FORMAT = dwarf;
				ENABLE_STRICT_OBJC_MSGSEND = YES;
				ENABLE_TESTABILITY = YES;
				GCC_C_LANGUAGE_STANDARD = gnu99;
				GCC_DYNAMIC_NO_PIC = NO;
				GCC_NO_COMMON_BLOCKS = YES;
				GCC_OPTIMIZATION_LEVEL = 0;
				GCC_PREPROCESSOR_DEFINITIONS = (
					"DEBUG=1",
					"$(inherited)",
				);
				GCC_WARN_64_TO_32_BIT_CONVERSION = YES;
				GCC_WARN_ABOUT_RETURN_TYPE = YES_ERROR;
				GCC_WARN_UNDECLARED_SELECTOR = YES;
				GCC_WARN_UNINITIALIZED_AUTOS = YES_AGGRESSIVE;
				GCC_WARN_UNUSED_FUNCTION = YES;
				GCC_WARN_UNUSED_VARIABLE = YES;
				IPHONEOS_DEPLOYMENT_TARGET = 10.1;
				MTL_ENABLE_DEBUG_INFO = YES;
				ONLY_ACTIVE_ARCH = YES;
				SDKROOT = iphoneos;
				SWIFT_ACTIVE_COMPILATION_CONDITIONS = DEBUG;
				SWIFT_OPTIMIZATION_LEVEL = "-Onone";
				TARGETED_DEVICE_FAMILY = "1,2";
			};
			name = Debug;
		};
		8CA2D81E1DC79B89008A6076 /* Release */ = {
			isa = XCBuildConfiguration;
			buildSettings = {
				ALWAYS_SEARCH_USER_PATHS = NO;
				CLANG_ANALYZER_NONNULL = YES;
				CLANG_CXX_LANGUAGE_STANDARD = "gnu++0x";
				CLANG_CXX_LIBRARY = "libc++";
				CLANG_ENABLE_MODULES = YES;
				CLANG_ENABLE_OBJC_ARC = YES;
				CLANG_WARN_BOOL_CONVERSION = YES;
				CLANG_WARN_CONSTANT_CONVERSION = YES;
				CLANG_WARN_DIRECT_OBJC_ISA_USAGE = YES_ERROR;
				CLANG_WARN_DOCUMENTATION_COMMENTS = YES;
				CLANG_WARN_EMPTY_BODY = YES;
				CLANG_WARN_ENUM_CONVERSION = YES;
				CLANG_WARN_INFINITE_RECURSION = YES;
				CLANG_WARN_INT_CONVERSION = YES;
				CLANG_WARN_OBJC_ROOT_CLASS = YES_ERROR;
				CLANG_WARN_SUSPICIOUS_MOVES = YES;
				CLANG_WARN_UNREACHABLE_CODE = YES;
				CLANG_WARN__DUPLICATE_METHOD_MATCH = YES;
				"CODE_SIGN_IDENTITY[sdk=iphoneos*]" = "iPhone Developer";
				COPY_PHASE_STRIP = NO;
				DEBUG_INFORMATION_FORMAT = "dwarf-with-dsym";
				ENABLE_NS_ASSERTIONS = NO;
				ENABLE_STRICT_OBJC_MSGSEND = YES;
				GCC_C_LANGUAGE_STANDARD = gnu99;
				GCC_NO_COMMON_BLOCKS = YES;
				GCC_WARN_64_TO_32_BIT_CONVERSION = YES;
				GCC_WARN_ABOUT_RETURN_TYPE = YES_ERROR;
				GCC_WARN_UNDECLARED_SELECTOR = YES;
				GCC_WARN_UNINITIALIZED_AUTOS = YES_AGGRESSIVE;
				GCC_WARN_UNUSED_FUNCTION = YES;
				GCC_WARN_UNUSED_VARIABLE = YES;
				IPHONEOS_DEPLOYMENT_TARGET = 10.1;
				MTL_ENABLE_DEBUG_INFO = NO;
				SDKROOT = iphoneos;
				SWIFT_OPTIMIZATION_LEVEL = "-Owholemodule";
				TARGETED_DEVICE_FAMILY = "1,2";
				VALIDATE_PRODUCT = YES;
			};
			name = Release;
		};
		8CA2D8201DC79B89008A6076 /* Debug */ = {
			isa = XCBuildConfiguration;
			buildSettings = {
				ASSETCATALOG_COMPILER_APPICON_NAME = AppIcon;
				INFOPLIST_FILE = StopWatch/Info.plist;
				LD_RUNPATH_SEARCH_PATHS = "$(inherited) @executable_path/Frameworks";
				PRODUCT_BUNDLE_IDENTIFIER = com.footyapps27.StopWatch;
				PRODUCT_NAME = "$(TARGET_NAME)";
				SWIFT_VERSION = 3.0;
			};
			name = Debug;
		};
		8CA2D8211DC79B89008A6076 /* Release */ = {
			isa = XCBuildConfiguration;
			buildSettings = {
				ASSETCATALOG_COMPILER_APPICON_NAME = AppIcon;
				INFOPLIST_FILE = StopWatch/Info.plist;
				LD_RUNPATH_SEARCH_PATHS = "$(inherited) @executable_path/Frameworks";
				PRODUCT_BUNDLE_IDENTIFIER = com.footyapps27.StopWatch;
				PRODUCT_NAME = "$(TARGET_NAME)";
				SWIFT_VERSION = 3.0;
			};
			name = Release;
		};
		8CA2D8231DC79B89008A6076 /* Debug */ = {
			isa = XCBuildConfiguration;
			buildSettings = {
				ALWAYS_EMBED_SWIFT_STANDARD_LIBRARIES = YES;
				BUNDLE_LOADER = "$(TEST_HOST)";
				INFOPLIST_FILE = StopWatchTests/Info.plist;
				LD_RUNPATH_SEARCH_PATHS = "$(inherited) @executable_path/Frameworks @loader_path/Frameworks";
				PRODUCT_BUNDLE_IDENTIFIER = com.footyapps27.StopWatchTests;
				PRODUCT_NAME = "$(TARGET_NAME)";
				SWIFT_VERSION = 3.0;
				TEST_HOST = "$(BUILT_PRODUCTS_DIR)/StopWatch.app/StopWatch";
			};
			name = Debug;
		};
		8CA2D8241DC79B89008A6076 /* Release */ = {
			isa = XCBuildConfiguration;
			buildSettings = {
				ALWAYS_EMBED_SWIFT_STANDARD_LIBRARIES = YES;
				BUNDLE_LOADER = "$(TEST_HOST)";
				INFOPLIST_FILE = StopWatchTests/Info.plist;
				LD_RUNPATH_SEARCH_PATHS = "$(inherited) @executable_path/Frameworks @loader_path/Frameworks";
				PRODUCT_BUNDLE_IDENTIFIER = com.footyapps27.StopWatchTests;
				PRODUCT_NAME = "$(TARGET_NAME)";
				SWIFT_VERSION = 3.0;
				TEST_HOST = "$(BUILT_PRODUCTS_DIR)/StopWatch.app/StopWatch";
			};
			name = Release;
		};
		8CA2D8261DC79B89008A6076 /* Debug */ = {
			isa = XCBuildConfiguration;
			buildSettings = {
				ALWAYS_EMBED_SWIFT_STANDARD_LIBRARIES = YES;
				INFOPLIST_FILE = StopWatchUITests/Info.plist;
				LD_RUNPATH_SEARCH_PATHS = "$(inherited) @executable_path/Frameworks @loader_path/Frameworks";
				PRODUCT_BUNDLE_IDENTIFIER = com.footyapps27.StopWatchUITests;
				PRODUCT_NAME = "$(TARGET_NAME)";
				SWIFT_VERSION = 3.0;
				TEST_TARGET_NAME = StopWatch;
			};
			name = Debug;
		};
		8CA2D8271DC79B89008A6076 /* Release */ = {
			isa = XCBuildConfiguration;
			buildSettings = {
				ALWAYS_EMBED_SWIFT_STANDARD_LIBRARIES = YES;
				INFOPLIST_FILE = StopWatchUITests/Info.plist;
				LD_RUNPATH_SEARCH_PATHS = "$(inherited) @executable_path/Frameworks @loader_path/Frameworks";
				PRODUCT_BUNDLE_IDENTIFIER = com.footyapps27.StopWatchUITests;
				PRODUCT_NAME = "$(TARGET_NAME)";
				SWIFT_VERSION = 3.0;
				TEST_TARGET_NAME = StopWatch;
			};
			name = Release;
		};
/* End XCBuildConfiguration section */

/* Begin XCConfigurationList section */
		8CA2D7F21DC79B88008A6076 /* Build configuration list for PBXProject "StopWatch" */ = {
			isa = XCConfigurationList;
			buildConfigurations = (
				8CA2D81D1DC79B89008A6076 /* Debug */,
				8CA2D81E1DC79B89008A6076 /* Release */,
			);
			defaultConfigurationIsVisible = 0;
			defaultConfigurationName = Release;
		};
		8CA2D81F1DC79B89008A6076 /* Build configuration list for PBXNativeTarget "StopWatch" */ = {
			isa = XCConfigurationList;
			buildConfigurations = (
				8CA2D8201DC79B89008A6076 /* Debug */,
				8CA2D8211DC79B89008A6076 /* Release */,
			);
			defaultConfigurationIsVisible = 0;
		};
		8CA2D8221DC79B89008A6076 /* Build configuration list for PBXNativeTarget "StopWatchTests" */ = {
			isa = XCConfigurationList;
			buildConfigurations = (
				8CA2D8231DC79B89008A6076 /* Debug */,
				8CA2D8241DC79B89008A6076 /* Release */,
			);
			defaultConfigurationIsVisible = 0;
		};
		8CA2D8251DC79B89008A6076 /* Build configuration list for PBXNativeTarget "StopWatchUITests" */ = {
			isa = XCConfigurationList;
			buildConfigurations = (
				8CA2D8261DC79B89008A6076 /* Debug */,
				8CA2D8271DC79B89008A6076 /* Release */,
			);
			defaultConfigurationIsVisible = 0;
		};
/* End XCConfigurationList section */
	};
	rootObject = 8CA2D7EF1DC79B88008A6076 /* Project object */;
}
